# This file is automatically @generated by Cargo.
# It is not intended for manual editing.
[[package]]
name = "alpm"
version = "1.1.8"
source = "registry+https://github.com/rust-lang/crates.io-index"
checksum = "393f4db567eb8e341b765f72e8ea955881b617c2fba38590d67671959a8ab5e3"
dependencies = [
 "alpm-sys",
 "bitflags",
]

[[package]]
name = "alpm-sys"
version = "1.1.5"
source = "registry+https://github.com/rust-lang/crates.io-index"
checksum = "4ce0e5a21bca8d7aaf0d2eca91f02e0c4841b6f9fd3f64bdf68169e381a91c22"

[[package]]
name = "bitflags"
version = "1.2.1"
source = "registry+https://github.com/rust-lang/crates.io-index"
checksum = "cf1de2fe8c75bc145a2f577add951f8134889b4795d47466a54a5c846d691693"

[[package]]
name = "pacpreview"
version = "0.1.0"
dependencies = [
 "alpm",
]
