# This file is automatically @generated by Cargo.
# It is not intended for manual editing.
version = 3

[[package]]
name = "alpm"
version = "1.1.8"
source = "registry+https://github.com/rust-lang/crates.io-index"
checksum = "393f4db567eb8e341b765f72e8ea955881b617c2fba38590d67671959a8ab5e3"
dependencies = [
 "alpm-sys",
 "bitflags",
]

[[package]]
name = "alpm-sys"
version = "1.1.5"
source = "registry+https://github.com/rust-lang/crates.io-index"
checksum = "4ce0e5a21bca8d7aaf0d2eca91f02e0c4841b6f9fd3f64bdf68169e381a91c22"

[[package]]
name = "bitflags"
version = "1.2.1"
source = "registry+https://github.com/rust-lang/crates.io-index"
checksum = "cf1de2fe8c75bc145a2f577add951f8134889b4795d47466a54a5c846d691693"

[[package]]
name = "cini"
version = "0.1.1"
source = "registry+https://github.com/rust-lang/crates.io-index"
checksum = "895f4cd6403d7bd85e13ff3ec635d58183e5e708e7bd70430a91d661b04548e2"

[[package]]
name = "pacmanconf"
version = "1.0.0"
source = "registry+https://github.com/rust-lang/crates.io-index"
checksum = "faba895e4237d5dfd3459a4c0ef807b3510e088d28e7f5fd71a72962af84fef4"
dependencies = [
 "cini",
]

[[package]]
name = "pacpreview"
version = "0.1.0"
dependencies = [
 "alpm",
 "pacmanconf",
]
